
Microsoft Visual Studio Solution File, Format Version 12.00
# Visual Studio Version 17
VisualStudioVersion = 17.14.36203.30 d17.14
MinimumVisualStudioVersion = 10.0.40219.1
Project("{FAE04EC0-301F-11D3-BF4B-00C04F79EFBC}") = "Micro-ondas", "Micro-ondas\Micro-ondas.csproj", "{52C06648-5808-4086-8620-FC4FC2089C6A}"
EndProject
Global
	GlobalSection(SolutionConfigurationPlatforms) = preSolution
		Debug|Any CPU = Debug|Any CPU
		Release|Any CPU = Release|Any CPU
	EndGlobalSection
	GlobalSection(ProjectConfigurationPlatforms) = postSolution
		{52C06648-5808-4086-8620-FC4FC2089C6A}.Debug|Any CPU.ActiveCfg = Debug|Any CPU
		{52C06648-5808-4086-8620-FC4FC2089C6A}.Debug|Any CPU.Build.0 = Debug|Any CPU
		{52C06648-5808-4086-8620-FC4FC2089C6A}.Release|Any CPU.ActiveCfg = Release|Any CPU
		{52C06648-5808-4086-8620-FC4FC2089C6A}.Release|Any CPU.Build.0 = Release|Any CPU
	EndGlobalSection
	GlobalSection(SolutionProperties) = preSolution
		HideSolutionNode = FALSE
	EndGlobalSection
	GlobalSection(ExtensibilityGlobals) = postSolution
		SolutionGuid = {664149EA-B36D-4929-A86D-E5BDFEBE6B38}
	EndGlobalSection
EndGlobal
